PODS:
  - Alamofire (4.4.0)
  - Kota (0.1.6):
    - Alamofire
    - NotificationBannerSwift (~> 1.4.4)
  - MarqueeLabel/Swift (3.1.3)
  - NotificationBannerSwift (1.4.5):
    - MarqueeLabel/Swift
    - SnapKit (~> 3.2)
  - SnapKit (3.2.0)

DEPENDENCIES:
  - Kota (from `../`)

EXTERNAL SOURCES:
  Kota:
    :path: ../

SPEC CHECKSUMS:
  Alamofire: dc44b1600b800eb63da6a19039a0083d62a6a62d
  Kota: 6a8c66123344a58a807206abeca0a7df680b61ed
  MarqueeLabel: baa5753dcbd36dca080e1f5c589a665aa5c906f1
  NotificationBannerSwift: 8e0d142c34406800e5a98d1535fbfca43da49f17
  SnapKit: 1ca44df72cfa543218d177cb8aab029d10d86ea7

PODFILE CHECKSUM: 3922cd863eb781bd0318592060bda7388872a4b3

COCOAPODS: 1.4.0.beta.1
